
Microsoft Visual Studio Solution File, Format Version 12.00
# Visual Studio Version 17
VisualStudioVersion = 17.9.34310.174
MinimumVisualStudioVersion = 10.0.40219.1
Project("{9A19103F-16F7-4668-BE54-9A1E7A4F7556}") = "Alor.OpenAPI", "Alor.OpenAPI\Alor.OpenAPI.csproj", "{6C3F7D2D-19EB-475C-8872-80AD6B72AA4E}"
EndProject
Project("{9A19103F-16F7-4668-BE54-9A1E7A4F7556}") = "Sample Project", "Sample Project\Sample Project.csproj", "{CDAC1260-38AD-49A6-BB4D-9456B2A45833}"
EndProject
Project("{FAE04EC0-301F-11D3-BF4B-00C04F79EFBC}") = "Alor.OpenAPI.Tests", "Alor.OpenAPI.Tests\Alor.OpenAPI.Tests.csproj", "{1EE87CC5-960A-41A4-B3ED-33B647675F6F}"
EndProject
Global
	GlobalSection(SolutionConfigurationPlatforms) = preSolution
		Debug|Any CPU = Debug|Any CPU
		Release|Any CPU = Release|Any CPU
	EndGlobalSection
	GlobalSection(ProjectConfigurationPlatforms) = postSolution
		{6C3F7D2D-19EB-475C-8872-80AD6B72AA4E}.Debug|Any CPU.ActiveCfg = Debug|Any CPU
		{6C3F7D2D-19EB-475C-8872-80AD6B72AA4E}.Debug|Any CPU.Build.0 = Debug|Any CPU
		{6C3F7D2D-19EB-475C-8872-80AD6B72AA4E}.Release|Any CPU.ActiveCfg = Release|Any CPU
		{6C3F7D2D-19EB-475C-8872-80AD6B72AA4E}.Release|Any CPU.Build.0 = Release|Any CPU
		{CDAC1260-38AD-49A6-BB4D-9456B2A45833}.Debug|Any CPU.ActiveCfg = Debug|Any CPU
		{CDAC1260-38AD-49A6-BB4D-9456B2A45833}.Debug|Any CPU.Build.0 = Debug|Any CPU
		{CDAC1260-38AD-49A6-BB4D-9456B2A45833}.Release|Any CPU.ActiveCfg = Release|Any CPU
		{CDAC1260-38AD-49A6-BB4D-9456B2A45833}.Release|Any CPU.Build.0 = Release|Any CPU
		{1EE87CC5-960A-41A4-B3ED-33B647675F6F}.Debug|Any CPU.ActiveCfg = Debug|Any CPU
		{1EE87CC5-960A-41A4-B3ED-33B647675F6F}.Debug|Any CPU.Build.0 = Debug|Any CPU
		{1EE87CC5-960A-41A4-B3ED-33B647675F6F}.Release|Any CPU.ActiveCfg = Release|Any CPU
		{1EE87CC5-960A-41A4-B3ED-33B647675F6F}.Release|Any CPU.Build.0 = Release|Any CPU
	EndGlobalSection
	GlobalSection(SolutionProperties) = preSolution
		HideSolutionNode = FALSE
	EndGlobalSection
	GlobalSection(ExtensibilityGlobals) = postSolution
		SolutionGuid = {E15838E4-E479-42F0-8ED5-2A0F3EC532A1}
	EndGlobalSection
EndGlobal
